# This file is automatically @generated by Cargo.
# It is not intended for manual editing.
[[package]]
name = "panoradix"
version = "0.6.5"
source = "registry+https://github.com/rust-lang/crates.io-index"

[[package]]
name = "wordhero"
version = "0.1.0"
dependencies = [
 "panoradix 0.6.5 (registry+https://github.com/rust-lang/crates.io-index)",
]

[metadata]
"checksum panoradix 0.6.5 (registry+https://github.com/rust-lang/crates.io-index)" = "37b3edf8785e4d67bd931bf33cf7d8c039980d5a11e85de7318c860297dfe866"
